
Microsoft Visual Studio Solution File, Format Version 12.00
# Visual Studio Version 17
VisualStudioVersion = 17.0.31912.275
MinimumVisualStudioVersion = 10.0.40219.1
Project("{2150E333-8FDC-42A3-9474-1A3956D46DE8}") = "src", "src", "{18632E7D-54DF-4933-A8DF-A7ECE8666E9B}"
	ProjectSection(SolutionItems) = preProject
		src\Directory.Build.props = src\Directory.Build.props
		src\Directory.Build.targets = src\Directory.Build.targets
		src\Directory.Packages.props = src\Directory.Packages.props
		src\dotnet-test.Build.props = src\dotnet-test.Build.props
		src\nuget.config = src\nuget.config
	EndProjectSection
EndProject
Project("{2150E333-8FDC-42A3-9474-1A3956D46DE8}") = "PDFsharp", "PDFsharp", "{5912CE0D-0DCE-479F-944A-0DFA4CE95A88}"
EndProject
Project("{2150E333-8FDC-42A3-9474-1A3956D46DE8}") = "MigraDoc", "MigraDoc", "{E1933982-1D12-497F-B465-67D5E5C74CA1}"
EndProject
Project("{2150E333-8FDC-42A3-9474-1A3956D46DE8}") = "src", "src", "{7C753636-7947-46E0-95E0-135EAA7BFEB3}"
	ProjectSection(SolutionItems) = preProject
		src\foundation\src\PDFsharp\src\Directory.Build.props = src\foundation\src\PDFsharp\src\Directory.Build.props
	EndProjectSection
EndProject
Project("{2150E333-8FDC-42A3-9474-1A3956D46DE8}") = "src", "src", "{E97F1455-620B-4BF2-B839-08F7AE2FD772}"
	ProjectSection(SolutionItems) = preProject
		src\foundation\src\MigraDoc\src\Directory.Build.props = src\foundation\src\MigraDoc\src\Directory.Build.props
	EndProjectSection
EndProject
Project("{2150E333-8FDC-42A3-9474-1A3956D46DE8}") = "foundation", "foundation", "{0EDABDD2-05D5-43D0-A635-645DD8127201}"
EndProject
Project("{2150E333-8FDC-42A3-9474-1A3956D46DE8}") = "src", "src", "{8770F3E1-3FEE-4611-89D4-AF80DFB3B3EA}"
EndProject
Project("{2150E333-8FDC-42A3-9474-1A3956D46DE8}") = "projects", "projects", "{FD3FEC8C-C8C8-47F1-AF08-F77EC937ACFE}"
EndProject
Project("{2150E333-8FDC-42A3-9474-1A3956D46DE8}") = "samples", "samples", "{EF9C1FA7-24B3-438A-BD21-400C1500E164}"
EndProject
Project("{2150E333-8FDC-42A3-9474-1A3956D46DE8}") = "tests", "tests", "{71BD4587-A8B0-4653-A3B2-93578F71ABB7}"
EndProject
Project("{9A19103F-16F7-4668-BE54-9A1E7A4F7556}") = "PdfSharp.Tests", "src\foundation\src\PDFsharp\tests\PdfSharp.Tests\PdfSharp.Tests.csproj", "{0B1C5283-63AC-4B2C-B0B2-D2FFD4BB3BD2}"
EndProject
Project("{2150E333-8FDC-42A3-9474-1A3956D46DE8}") = "docs", "docs", "{18E75E2F-2A27-408C-BC02-9B68D7F0817F}"
	ProjectSection(SolutionItems) = preProject
		src\foundation\src\PDFsharp\docs\AboutFonts.md = src\foundation\src\PDFsharp\docs\AboutFonts.md
		src\foundation\src\PDFsharp\docs\AboutImages.md = src\foundation\src\PDFsharp\docs\AboutImages.md
		src\foundation\src\PDFsharp\docs\GlobalStuff.md = src\foundation\src\PDFsharp\docs\GlobalStuff.md
		src\foundation\src\PDFsharp\docs\Notebook.md = src\foundation\src\PDFsharp\docs\Notebook.md
		src\foundation\src\PDFsharp\docs\PortingNotes.md = src\foundation\src\PDFsharp\docs\PortingNotes.md
	EndProjectSection
EndProject
Project("{2150E333-8FDC-42A3-9474-1A3956D46DE8}") = "tools", "tools", "{5BB9AA90-46A6-4C3A-BF50-BD122331517B}"
EndProject
Project("{2150E333-8FDC-42A3-9474-1A3956D46DE8}") = "src", "src", "{CC13B431-6963-480F-8C21-1F78A220A399}"
EndProject
Project("{9A19103F-16F7-4668-BE54-9A1E7A4F7556}") = "PdfSharp.TestHelper", "src\tools\src\PdfSharp.TestHelper\PdfSharp.TestHelper.csproj", "{9891081B-017E-4974-8BF9-FA775406841E}"
EndProject
Project("{2150E333-8FDC-42A3-9474-1A3956D46DE8}") = "tests", "tests", "{D564E33D-C943-46EC-8B89-DC16A10798A4}"
	ProjectSection(SolutionItems) = preProject
		src\foundation\src\MigraDoc\tests\Directory.Build.props = src\foundation\src\MigraDoc\tests\Directory.Build.props
	EndProjectSection
EndProject
Project("{2150E333-8FDC-42A3-9474-1A3956D46DE8}") = "docs", "docs", "{9EB8E8CC-3BA3-4B0F-B853-5B2443C40015}"
EndProject
Project("{9A19103F-16F7-4668-BE54-9A1E7A4F7556}") = "MigraDoc.Tests", "src\foundation\src\MigraDoc\tests\MigraDoc.Tests\MigraDoc.Tests.csproj", "{CA022FCC-7A23-4759-8789-9FC86C805557}"
EndProject
Project("{2150E333-8FDC-42A3-9474-1A3956D46DE8}") = "src", "src", "{B9CE370E-4273-4BF3-B3C3-1A60D5C9E968}"
EndProject
Project("{2150E333-8FDC-42A3-9474-1A3956D46DE8}") = "PDFsharp", "PDFsharp", "{820CCEC2-F274-4A79-B5B9-D7D0C79C503E}"
EndProject
Project("{2150E333-8FDC-42A3-9474-1A3956D46DE8}") = "MigraDoc", "MigraDoc", "{D25A7758-C8D7-473D-B032-D798FECCF08B}"
EndProject
Project("{2150E333-8FDC-42A3-9474-1A3956D46DE8}") = "src", "src", "{62D00D8A-4171-4103-A5A4-A49212E0F7B3}"
EndProject
Project("{2150E333-8FDC-42A3-9474-1A3956D46DE8}") = "src", "src", "{1E84E8EF-D2F3-40A5-BF1B-10DE99894DC3}"
EndProject
Project("{9A19103F-16F7-4668-BE54-9A1E7A4F7556}") = "HelloWorld,PDFsharp", "src\samples\src\PDFsharp\src\HelloWorld\HelloWorld,PDFsharp.csproj", "{92E59C39-1633-4763-B9A3-3E6FA2593477}"
EndProject
Project("{2150E333-8FDC-42A3-9474-1A3956D46DE8}") = "nuget", "nuget", "{0305DE9C-065C-4A4D-B175-08E70F23A2E7}"
EndProject
Project("{2150E333-8FDC-42A3-9474-1A3956D46DE8}") = "src", "src", "{B9781673-7407-4451-B551-B3D0BA1AA746}"
	ProjectSection(SolutionItems) = preProject
		src\foundation\nuget\src\Directory.Build.props = src\foundation\nuget\src\Directory.Build.props
		src\foundation\nuget\src\README.md = src\foundation\nuget\src\README.md
	EndProjectSection
EndProject
Project("{9A19103F-16F7-4668-BE54-9A1E7A4F7556}") = "PdfSharp", "src\foundation\src\PDFsharp\src\PdfSharp\PdfSharp.csproj", "{9920A6C0-509E-4319-A35F-E0DB6866DAFF}"
EndProject
Project("{9A19103F-16F7-4668-BE54-9A1E7A4F7556}") = "PdfSharp.Charting", "src\foundation\src\PDFsharp\src\PdfSharp.Charting\PdfSharp.Charting.csproj", "{8854C41C-8F3D-406E-A565-3B623599BFF2}"
EndProject
Project("{9A19103F-16F7-4668-BE54-9A1E7A4F7556}") = "MigraDoc.DocumentObjectModel", "src\foundation\src\MigraDoc\src\MigraDoc.DocumentObjectModel\MigraDoc.DocumentObjectModel.csproj", "{5448826B-C121-4A3D-B632-8F9E6519F787}"
EndProject
Project("{9A19103F-16F7-4668-BE54-9A1E7A4F7556}") = "MigraDoc.Rendering", "src\foundation\src\MigraDoc\src\MigraDoc.Rendering\MigraDoc.Rendering.csproj", "{F5258632-D60B-4BD4-AAF9-BEEC6CCD471F}"
EndProject
Project("{2150E333-8FDC-42A3-9474-1A3956D46DE8}") = "Solution Items", "Solution Items", "{31FE507C-F342-4DA4-9BE5-B3D2ED93E9CC}"
	ProjectSection(SolutionItems) = preProject
		.editorconfig = .editorconfig
		gitversion.yml = gitversion.yml
		LICENSE = LICENSE
		README.md = README.md
		testenvironments.json = testenvironments.json
	EndProjectSection
EndProject
Project("{2150E333-8FDC-42A3-9474-1A3956D46DE8}") = "shared", "shared", "{A484FFA0-1C54-4C5C-B46D-6AB5C05AC5AB}"
EndProject
Project("{2150E333-8FDC-42A3-9474-1A3956D46DE8}") = "src", "src", "{DE458BB2-5942-4588-A74A-AE9CA86F284C}"
EndProject
Project("{9A19103F-16F7-4668-BE54-9A1E7A4F7556}") = "PdfSharp.Quality", "src\foundation\src\shared\src\PdfSharp.Quality\PdfSharp.Quality.csproj", "{B0BEB589-A3A7-4412-B045-09621FB1DE25}"
EndProject
Project("{9A19103F-16F7-4668-BE54-9A1E7A4F7556}") = "PdfSharp.Snippets", "src\foundation\src\shared\src\PdfSharp.Snippets\PdfSharp.Snippets.csproj", "{E4D95A70-171A-4027-BFCE-AB2B1907C6C1}"
EndProject
Project("{9A19103F-16F7-4668-BE54-9A1E7A4F7556}") = "PdfSharp.WPFonts", "src\foundation\src\shared\src\PdfSharp.WPFonts\PdfSharp.WPFonts.csproj", "{034B233F-0745-476A-A3DB-8DDF8FA0EF9C}"
EndProject
Project("{2150E333-8FDC-42A3-9474-1A3956D46DE8}") = "features", "features", "{F6F7E411-5CD0-4507-BF59-70004EDD09DA}"
EndProject
Project("{2150E333-8FDC-42A3-9474-1A3956D46DE8}") = "features", "features", "{F5633907-6B09-48FA-A8A0-1ADBE06B44A0}"
EndProject
Project("{9A19103F-16F7-4668-BE54-9A1E7A4F7556}") = "MigraDoc.Features", "src\foundation\src\MigraDoc\features\MigraDoc.Features\MigraDoc.Features.csproj", "{05E1F63A-EC20-4280-86A2-7971691DA964}"
EndProject
Project("{9A19103F-16F7-4668-BE54-9A1E7A4F7556}") = "PdfSharp.Features", "src\foundation\src\PDFsharp\features\PdfSharp.Features\PdfSharp.Features.csproj", "{E42F855D-9A4F-45BE-9950-F20A94169568}"
EndProject
Project("{9A19103F-16F7-4668-BE54-9A1E7A4F7556}") = "PdfSharp-wpf", "src\foundation\src\PDFsharp\src\PdfSharp-wpf\PdfSharp-wpf.csproj", "{5BB33F6F-0151-4D8F-8530-249A9C3B9B23}"
EndProject
Project("{9A19103F-16F7-4668-BE54-9A1E7A4F7556}") = "PdfSharp-gdi", "src\foundation\src\PDFsharp\src\PdfSharp-gdi\PdfSharp-gdi.csproj", "{CEE874A6-EBE0-4D8C-80AA-38AEBFE9C3F3}"
EndProject
Project("{9A19103F-16F7-4668-BE54-9A1E7A4F7556}") = "MigraDoc.Rendering-wpf", "src\foundation\src\MigraDoc\src\MigraDoc.Rendering-wpf\MigraDoc.Rendering-wpf.csproj", "{063311BF-3B6E-4550-9342-FEF6CFF80C54}"
EndProject
Project("{9A19103F-16F7-4668-BE54-9A1E7A4F7556}") = "PdfSharp.Quality-wpf", "src\foundation\src\shared\src\PdfSharp.Quality-wpf\PdfSharp.Quality-wpf.csproj", "{24C998BB-C700-4047-97D5-1E9BC4A6CD06}"
EndProject
Project("{9A19103F-16F7-4668-BE54-9A1E7A4F7556}") = "PdfSharp.Quality-gdi", "src\foundation\src\shared\src\PdfSharp.Quality-gdi\PdfSharp.Quality-gdi.csproj", "{B0EE3DF4-34E1-4C69-836E-B8911192D3FE}"
EndProject
Project("{9A19103F-16F7-4668-BE54-9A1E7A4F7556}") = "PdfSharp.Snippets-wpf", "src\foundation\src\shared\src\PdfSharp.Snippets-wpf\PdfSharp.Snippets-wpf.csproj", "{8F4002CD-E002-4C61-9E7A-0D78875C4767}"
EndProject
Project("{9A19103F-16F7-4668-BE54-9A1E7A4F7556}") = "PdfSharp.Snippets-gdi", "src\foundation\src\shared\src\PdfSharp.Snippets-gdi\PdfSharp.Snippets-gdi.csproj", "{76959A2A-8113-430B-8272-DD37F17F9305}"
EndProject
Project("{9A19103F-16F7-4668-BE54-9A1E7A4F7556}") = "PDFsharp.Features-wpf", "src\foundation\src\PDFsharp\features\PDFsharp.Features-wpf\PDFsharp.Features-wpf.csproj", "{E19EF259-4C5F-4967-867C-EF3936B264C4}"
EndProject
Project("{9A19103F-16F7-4668-BE54-9A1E7A4F7556}") = "PDFsharp.Features-gdi", "src\foundation\src\PDFsharp\features\PDFsharp.Features-gdi\PDFsharp.Features-gdi.csproj", "{ECCE20D4-000F-4D15-87B5-0335C7B3163A}"
EndProject
Project("{9A19103F-16F7-4668-BE54-9A1E7A4F7556}") = "PdfSharp.Charting-wpf", "src\foundation\src\PDFsharp\src\PdfSharp.Charting-wpf\PdfSharp.Charting-wpf.csproj", "{2E3778BB-E153-47C6-AD2C-E69F0B242578}"
EndProject
Project("{9A19103F-16F7-4668-BE54-9A1E7A4F7556}") = "PdfSharp.Charting-gdi", "src\foundation\src\PDFsharp\src\PdfSharp.Charting-gdi\PdfSharp.Charting-gdi.csproj", "{1A8CCCAA-4F2B-4D19-AB33-4696345DD200}"
EndProject
Project("{9A19103F-16F7-4668-BE54-9A1E7A4F7556}") = "HelloWorld,MigraDoc", "src\samples\src\MigraDoc\src\HelloWorld\HelloWorld,MigraDoc.csproj", "{A774F1FD-6E4E-41E3-A288-C0EBF54B9CF2}"
EndProject
Project("{9A19103F-16F7-4668-BE54-9A1E7A4F7556}") = "NRT-Tests", "src\tools\src\NRT-Tests\NRT-Tests.csproj", "{7DF6A8E0-AF4B-4A05-98CF-472D8252F95C}"
EndProject
Project("{9A19103F-16F7-4668-BE54-9A1E7A4F7556}") = "HelloWorld-wpf,PDFsharp", "src\samples\src\PDFsharp\src\HelloWorld-wpf\HelloWorld-wpf,PDFsharp.csproj", "{9C72352F-3DB2-4ACE-A961-5466FEDB88A8}"
EndProject
Project("{9A19103F-16F7-4668-BE54-9A1E7A4F7556}") = "HelloWorld,MigraDoc-wpf", "src\samples\src\MigraDoc\src\HelloWorld-wpf\HelloWorld,MigraDoc-wpf.csproj", "{CAC67B89-6F71-4E85-A0D9-18C7655D0F24}"
EndProject
Project("{9A19103F-16F7-4668-BE54-9A1E7A4F7556}") = "HelloWorld-gdi,PDFsharp", "src\samples\src\PDFsharp\src\HelloWorld-gdi\HelloWorld-gdi,PDFsharp.csproj", "{453E50A2-AABE-4FC8-B112-DC58B482AE1E}"
EndProject
Project("{9A19103F-16F7-4668-BE54-9A1E7A4F7556}") = "MigraDoc.Rendering-gdi", "src\foundation\src\MigraDoc\src\MigraDoc.Rendering-gdi\MigraDoc.Rendering-gdi.csproj", "{12368073-65E0-44E8-B081-A91EE0B45D99}"
EndProject
Project("{9A19103F-16F7-4668-BE54-9A1E7A4F7556}") = "HelloWorld,MigraDoc-gdi", "src\samples\src\MigraDoc\src\HelloWorld-gdi\HelloWorld,MigraDoc-gdi.csproj", "{35BBDAE9-8F1D-4A5F-AC79-63B29AC47B96}"
EndProject
Project("{9A19103F-16F7-4668-BE54-9A1E7A4F7556}") = "MigraDoc.DocumentObjectModel.Tests", "src\foundation\src\MigraDoc\tests\MigraDoc.DocumentObjectModel.Tests\MigraDoc.DocumentObjectModel.Tests.csproj", "{E8BF997F-41DE-4B3B-ADE9-BE707F5EED74}"
EndProject
Project("{9A19103F-16F7-4668-BE54-9A1E7A4F7556}") = "PdfSharp.System", "src\foundation\src\shared\src\PdfSharp.System\PdfSharp.System.csproj", "{EF9642AB-5FE2-47D6-8AD4-5C4C2AA43E63}"
EndProject
Project("{9A19103F-16F7-4668-BE54-9A1E7A4F7556}") = "MigraDoc.Tests-wpf", "src\foundation\src\MigraDoc\tests\MigraDoc.Tests-wpf\MigraDoc.Tests-wpf.csproj", "{B884855F-CE2B-4955-A3FD-581006313B8D}"
EndProject
Project("{9A19103F-16F7-4668-BE54-9A1E7A4F7556}") = "MigraDoc.Tests-gdi", "src\foundation\src\MigraDoc\tests\MigraDoc.Tests-gdi\MigraDoc.Tests-gdi.csproj", "{2D422E30-B119-440A-93B2-98F85BDC7371}"
EndProject
Project("{9A19103F-16F7-4668-BE54-9A1E7A4F7556}") = "MigraDoc.GrammarByExample", "src\foundation\src\MigraDoc\tests\MigraDoc.GrammarByExample\MigraDoc.GrammarByExample.csproj", "{8C2CE2C8-8F3F-4A94-B83E-FAA89E000B10}"
EndProject
Project("{9A19103F-16F7-4668-BE54-9A1E7A4F7556}") = "MigraDoc.GrammarByExample-WPF", "src\foundation\src\MigraDoc\tests\MigraDoc.GrammarByExample-WPF\MigraDoc.GrammarByExample-WPF.csproj", "{ECB8DEC8-B84E-4912-9BDA-49F1255ABD1F}"
EndProject
Project("{9A19103F-16F7-4668-BE54-9A1E7A4F7556}") = "MigraDoc.GrammarByExample-GDI", "src\foundation\src\MigraDoc\tests\MigraDoc.GrammarByExample-GDI\MigraDoc.GrammarByExample-GDI.csproj", "{3EFAC271-74B1-495E-BAAB-AD32BAE7C32F}"
EndProject
Project("{9A19103F-16F7-4668-BE54-9A1E7A4F7556}") = "MigraDoc.GBE-Runner", "src\foundation\src\MigraDoc\tests\MigraDoc.GBE-Runner\MigraDoc.GBE-Runner.csproj", "{6B0693F0-A1C2-4D40-B76D-AB1BE47CAC30}"
EndProject
Project("{9A19103F-16F7-4668-BE54-9A1E7A4F7556}") = "MigraDoc.RtfRendering", "src\foundation\src\MigraDoc\src\MigraDoc.RtfRendering\MigraDoc.RtfRendering.csproj", "{BCF6255A-FAF1-4465-B315-D1223F010DEB}"
EndProject
Project("{9A19103F-16F7-4668-BE54-9A1E7A4F7556}") = "MigraDoc.RtfRendering-wpf", "src\foundation\src\MigraDoc\src\MigraDoc.RtfRendering-wpf\MigraDoc.RtfRendering-wpf.csproj", "{D3F1FC74-9C81-48F2-912F-7EC1B8FF812F}"
EndProject
Project("{9A19103F-16F7-4668-BE54-9A1E7A4F7556}") = "MigraDoc.RtfRendering-gdi", "src\foundation\src\MigraDoc\src\MigraDoc.RtfRendering-gdi\MigraDoc.RtfRendering-gdi.csproj", "{20DEA7D4-1F92-4DEB-9841-3CF9FC6CFC5F}"
EndProject
Project("{9A19103F-16F7-4668-BE54-9A1E7A4F7556}") = "PDFsharp.NuGet", "src\foundation\nuget\src\PDFsharp.NuGet\PDFsharp.NuGet.csproj", "{A98A1979-883D-463F-9461-FAFFCA97B48A}"
EndProject
Project("{9A19103F-16F7-4668-BE54-9A1E7A4F7556}") = "Dummy-PDFsharp.NuGet-wpf", "src\foundation\nuget\src\Dummy-PDFsharp.NuGet-wpf\Dummy-PDFsharp.NuGet-wpf.csproj", "{38E7DA8B-3016-49FA-8FDA-FE4CE347E40E}"
EndProject
Project("{9A19103F-16F7-4668-BE54-9A1E7A4F7556}") = "PDFsharp.NuGet-gdi", "src\foundation\nuget\src\PDFsharp.NuGet-gdi\PDFsharp.NuGet-gdi.csproj", "{B980F83A-592E-4CCB-AC71-7787D1B6A2F8}"
EndProject
Project("{9A19103F-16F7-4668-BE54-9A1E7A4F7556}") = "MigraDoc.NuGet-wpf", "src\foundation\nuget\src\MigraDoc.NuGet-wpf\MigraDoc.NuGet-wpf.csproj", "{1C25A0CD-7A57-434F-8B0C-06F4B2D25CBC}"
EndProject
Project("{9A19103F-16F7-4668-BE54-9A1E7A4F7556}") = "MigraDoc.NuGet", "src\foundation\nuget\src\MigraDoc.NuGet\MigraDoc.NuGet.csproj", "{BEC08304-9DA2-44FC-BBC3-F432A48CE83C}"
EndProject
Project("{9A19103F-16F7-4668-BE54-9A1E7A4F7556}") = "MigraDoc.NuGet-gdi", "src\foundation\nuget\src\MigraDoc.NuGet-gdi\MigraDoc.NuGet-gdi.csproj", "{C550C547-CC8A-471A-925F-DF1CD3FA6F50}"
EndProject
Project("{9A19103F-16F7-4668-BE54-9A1E7A4F7556}") = "PDFsharp.NuGet-wpf", "src\foundation\nuget\src\PDFsharp.NuGet-wpf\PDFsharp.NuGet-wpf.csproj", "{4EEE7867-461B-49EC-9450-3973B932A5C8}"
EndProject
Project("{2150E333-8FDC-42A3-9474-1A3956D46DE8}") = "docs", "docs", "{76BA9372-65AE-479C-AEF7-D50E6B486CEF}"
	ProjectSection(SolutionItems) = preProject
		docs\BoilerplateText.md = docs\BoilerplateText.md
		docs\DevNotes.md = docs\DevNotes.md
		docs\MakeNewReleaseNotes.md = docs\MakeNewReleaseNotes.md
		docs\xUnitRunnerSettings.md = docs\xUnitRunnerSettings.md
	EndProjectSection
EndProject
Project("{2150E333-8FDC-42A3-9474-1A3956D46DE8}") = "tests", "tests", "{A1AE894D-9061-44F0-8268-328AC41F403A}"
EndProject
Project("{2150E333-8FDC-42A3-9474-1A3956D46DE8}") = "testapps", "testapps", "{9A382224-6874-4ED3-8DF6-1DD3466A02CE}"
EndProject
Project("{9A19103F-16F7-4668-BE54-9A1E7A4F7556}") = "Shared.TestApp", "src\foundation\src\shared\testapps\Shared.TestApp\Shared.TestApp.csproj", "{823A4ABD-43F0-4BE9-9DD6-722A84497432}"
EndProject
Project("{9A19103F-16F7-4668-BE54-9A1E7A4F7556}") = "Shared.Tests", "src\foundation\src\shared\tests\Shared.Tests\Shared.Tests.csproj", "{9AFE8A79-333C-414C-A12B-A2201EC211E8}"
EndProject
Project("{9A19103F-16F7-4668-BE54-9A1E7A4F7556}") = "PdfSharp.Features.Runner", "src\foundation\src\PDFsharp\features\PdfSharp.Features.Runner\PdfSharp.Features.Runner.csproj", "{BA04FBE0-6B97-4D21-9561-91F12906A5F9}"
EndProject
Project("{9A19103F-16F7-4668-BE54-9A1E7A4F7556}") = "PDFsharp.Features.Runner-gdi", "src\foundation\src\PDFsharp\features\PDFsharp.Features.Runner-gdi\PDFsharp.Features.Runner-gdi.csproj", "{380C02B5-94DC-491C-9458-6F5287698C77}"
EndProject
Project("{9A19103F-16F7-4668-BE54-9A1E7A4F7556}") = "PDFsharp.Features.Runner-wpf", "src\foundation\src\PDFsharp\features\PDFsharp.Features.Runner-wpf\PDFsharp.Features.Runner-wpf.csproj", "{D0CD20C3-C06B-436E-8C88-E5A608C74AB2}"
EndProject
Project("{9A19103F-16F7-4668-BE54-9A1E7A4F7556}") = "PdfSharp.Tests-gdi", "src\foundation\src\PDFsharp\tests\PdfSharp.Tests-gdi\PdfSharp.Tests-gdi.csproj", "{32402A03-34B2-4DA8-8A55-A4E0FCA4C3B2}"
EndProject
Project("{9A19103F-16F7-4668-BE54-9A1E7A4F7556}") = "PdfSharp.tests-wpf", "src\foundation\src\PDFsharp\tests\PdfSharp.tests-wpf\PdfSharp.tests-wpf.csproj", "{AE89ED51-5A8A-4663-ABBE-2D399C8528F4}"
EndProject
Project("{2150E333-8FDC-42A3-9474-1A3956D46DE8}") = "docs", "docs", "{E00A1E03-7FB3-4A26-BB33-9BE7AA42CFB7}"
	ProjectSection(SolutionItems) = preProject
		src\foundation\src\shared\docs\Notebook.md = src\foundation\src\shared\docs\Notebook.md
	EndProjectSection
EndProject
Project("{9A19103F-16F7-4668-BE54-9A1E7A4F7556}") = "PdfFileViewer", "src\tools\src\PdfFileViewer\PdfFileViewer.csproj", "{6B5BAD8B-F029-452D-A721-0CF5F95DA1DC}"
EndProject
Project("{9A19103F-16F7-4668-BE54-9A1E7A4F7556}") = "PdfSharp.TestHelper-gdi", "src\tools\src\PdfSharp.TestHelper-gdi\PdfSharp.TestHelper-gdi.csproj", "{6E63D5DF-CADA-4AD5-8824-F1FB97185A49}"
EndProject
Project("{9A19103F-16F7-4668-BE54-9A1E7A4F7556}") = "PdfSharp.TestHelper-wpf", "src\tools\src\PdfSharp.TestHelper-wpf\PdfSharp.TestHelper-wpf.csproj", "{284F0281-F283-4EC3-BD60-DD0CD5A5442F}"
EndProject
Project("{9A19103F-16F7-4668-BE54-9A1E7A4F7556}") = "PdfSharp.Fonts", "src\foundation\src\shared\src\PdfSharp.Fonts\PdfSharp.Fonts.csproj", "{9EC27C83-FCD6-44B8-9BC6-9F270DD58C8E}"
EndProject
Project("{9A19103F-16F7-4668-BE54-9A1E7A4F7556}") = "PdfSharp.Fonts.TestApp", "src\foundation\src\shared\testapps\PdfSharp.Fonts.TestApp\PdfSharp.Fonts.TestApp.csproj", "{2D32A2B9-CE4E-4F0D-9A76-1578FC3F4776}"
EndProject
Project("{9A19103F-16F7-4668-BE54-9A1E7A4F7556}") = "PdfSharp.Fonts.Test", "src\foundation\src\shared\tests\PdfSharp.Fonts.Test\PdfSharp.Fonts.Test.csproj", "{D5A4EB68-4E71-4AAE-8A77-AACC46A55A14}"
EndProject
Project("{9A19103F-16F7-4668-BE54-9A1E7A4F7556}") = "PdfSharp.Testing", "src\foundation\src\shared\src\PdfSharp.Testing\PdfSharp.Testing.csproj", "{D17FA884-98B9-41E2-AB27-2603F79000F5}"
EndProject
Project("{2150E333-8FDC-42A3-9474-1A3956D46DE8}") = "dev", "dev", "{BA039CC9-132E-4103-BB47-87C3E3398F82}"
	ProjectSection(SolutionItems) = preProject
		dev\build-local-nuget-packages-release.ps1 = dev\build-local-nuget-packages-release.ps1
		dev\del-bin-and-obj.ps1 = dev\del-bin-and-obj.ps1
		dev\del-nupkg.ps1 = dev\del-nupkg.ps1
		dev\download-assets.ps1 = dev\download-assets.ps1
		dev\download-fonts.ps1 = dev\download-fonts.ps1
		dev\README.md = dev\README.md
		dev\run-tests.ps1 = dev\run-tests.ps1
		dev\update-local-nuget-packages-debug.ps1 = dev\update-local-nuget-packages-debug.ps1
		dev\update-local-nuget-packages-release.ps1 = dev\update-local-nuget-packages-release.ps1
		dev\_update-local-nuget-packages.ps1 = dev\_update-local-nuget-packages.ps1
	EndProjectSection
EndProject
Project("{9A19103F-16F7-4668-BE54-9A1E7A4F7556}") = "PdfSharp.Testing-gdi", "src\foundation\src\shared\src\PdfSharp.Testing-gdi\PdfSharp.Testing-gdi.csproj", "{C7CCB288-8372-41AD-9F65-6224CE0D6358}"
EndProject
Project("{9A19103F-16F7-4668-BE54-9A1E7A4F7556}") = "PdfSharp.Testing-wpf", "src\foundation\src\shared\src\PdfSharp.Testing-wpf\PdfSharp.Testing-wpf.csproj", "{1F9EE0B3-4BA1-4CE4-9301-1735732B61B6}"
EndProject
Global
	GlobalSection(SolutionConfigurationPlatforms) = preSolution
		Debug|Any CPU = Debug|Any CPU
		Release|Any CPU = Release|Any CPU
	EndGlobalSection
	GlobalSection(ProjectConfigurationPlatforms) = postSolution
		{0B1C5283-63AC-4B2C-B0B2-D2FFD4BB3BD2}.Debug|Any CPU.ActiveCfg = Debug|Any CPU
		{0B1C5283-63AC-4B2C-B0B2-D2FFD4BB3BD2}.Debug|Any CPU.Build.0 = Debug|Any CPU
		{0B1C5283-63AC-4B2C-B0B2-D2FFD4BB3BD2}.Release|Any CPU.ActiveCfg = Release|Any CPU
		{0B1C5283-63AC-4B2C-B0B2-D2FFD4BB3BD2}.Release|Any CPU.Build.0 = Release|Any CPU
		{9891081B-017E-4974-8BF9-FA775406841E}.Debug|Any CPU.ActiveCfg = Debug|Any CPU
		{9891081B-017E-4974-8BF9-FA775406841E}.Debug|Any CPU.Build.0 = Debug|Any CPU
		{9891081B-017E-4974-8BF9-FA775406841E}.Release|Any CPU.ActiveCfg = Release|Any CPU
		{9891081B-017E-4974-8BF9-FA775406841E}.Release|Any CPU.Build.0 = Release|Any CPU
		{CA022FCC-7A23-4759-8789-9FC86C805557}.Debug|Any CPU.ActiveCfg = Debug|Any CPU
		{CA022FCC-7A23-4759-8789-9FC86C805557}.Debug|Any CPU.Build.0 = Debug|Any CPU
		{CA022FCC-7A23-4759-8789-9FC86C805557}.Release|Any CPU.ActiveCfg = Release|Any CPU
		{CA022FCC-7A23-4759-8789-9FC86C805557}.Release|Any CPU.Build.0 = Release|Any CPU
		{92E59C39-1633-4763-B9A3-3E6FA2593477}.Debug|Any CPU.ActiveCfg = Debug|Any CPU
		{92E59C39-1633-4763-B9A3-3E6FA2593477}.Debug|Any CPU.Build.0 = Debug|Any CPU
		{92E59C39-1633-4763-B9A3-3E6FA2593477}.Release|Any CPU.ActiveCfg = Release|Any CPU
		{92E59C39-1633-4763-B9A3-3E6FA2593477}.Release|Any CPU.Build.0 = Release|Any CPU
		{9920A6C0-509E-4319-A35F-E0DB6866DAFF}.Debug|Any CPU.ActiveCfg = Debug|Any CPU
		{9920A6C0-509E-4319-A35F-E0DB6866DAFF}.Debug|Any CPU.Build.0 = Debug|Any CPU
		{9920A6C0-509E-4319-A35F-E0DB6866DAFF}.Release|Any CPU.ActiveCfg = Release|Any CPU
		{9920A6C0-509E-4319-A35F-E0DB6866DAFF}.Release|Any CPU.Build.0 = Release|Any CPU
		{8854C41C-8F3D-406E-A565-3B623599BFF2}.Debug|Any CPU.ActiveCfg = Debug|Any CPU
		{8854C41C-8F3D-406E-A565-3B623599BFF2}.Debug|Any CPU.Build.0 = Debug|Any CPU
		{8854C41C-8F3D-406E-A565-3B623599BFF2}.Release|Any CPU.ActiveCfg = Release|Any CPU
		{8854C41C-8F3D-406E-A565-3B623599BFF2}.Release|Any CPU.Build.0 = Release|Any CPU
		{5448826B-C121-4A3D-B632-8F9E6519F787}.Debug|Any CPU.ActiveCfg = Debug|Any CPU
		{5448826B-C121-4A3D-B632-8F9E6519F787}.Debug|Any CPU.Build.0 = Debug|Any CPU
		{5448826B-C121-4A3D-B632-8F9E6519F787}.Release|Any CPU.ActiveCfg = Release|Any CPU
		{5448826B-C121-4A3D-B632-8F9E6519F787}.Release|Any CPU.Build.0 = Release|Any CPU
		{F5258632-D60B-4BD4-AAF9-BEEC6CCD471F}.Debug|Any CPU.ActiveCfg = Debug|Any CPU
		{F5258632-D60B-4BD4-AAF9-BEEC6CCD471F}.Debug|Any CPU.Build.0 = Debug|Any CPU
		{F5258632-D60B-4BD4-AAF9-BEEC6CCD471F}.Release|Any CPU.ActiveCfg = Release|Any CPU
		{F5258632-D60B-4BD4-AAF9-BEEC6CCD471F}.Release|Any CPU.Build.0 = Release|Any CPU
		{B0BEB589-A3A7-4412-B045-09621FB1DE25}.Debug|Any CPU.ActiveCfg = Debug|Any CPU
		{B0BEB589-A3A7-4412-B045-09621FB1DE25}.Debug|Any CPU.Build.0 = Debug|Any CPU
		{B0BEB589-A3A7-4412-B045-09621FB1DE25}.Release|Any CPU.ActiveCfg = Release|Any CPU
		{B0BEB589-A3A7-4412-B045-09621FB1DE25}.Release|Any CPU.Build.0 = Release|Any CPU
		{E4D95A70-171A-4027-BFCE-AB2B1907C6C1}.Debug|Any CPU.ActiveCfg = Debug|Any CPU
		{E4D95A70-171A-4027-BFCE-AB2B1907C6C1}.Debug|Any CPU.Build.0 = Debug|Any CPU
		{E4D95A70-171A-4027-BFCE-AB2B1907C6C1}.Release|Any CPU.ActiveCfg = Release|Any CPU
		{E4D95A70-171A-4027-BFCE-AB2B1907C6C1}.Release|Any CPU.Build.0 = Release|Any CPU
		{034B233F-0745-476A-A3DB-8DDF8FA0EF9C}.Debug|Any CPU.ActiveCfg = Debug|Any CPU
		{034B233F-0745-476A-A3DB-8DDF8FA0EF9C}.Debug|Any CPU.Build.0 = Debug|Any CPU
		{034B233F-0745-476A-A3DB-8DDF8FA0EF9C}.Release|Any CPU.ActiveCfg = Release|Any CPU
		{034B233F-0745-476A-A3DB-8DDF8FA0EF9C}.Release|Any CPU.Build.0 = Release|Any CPU
		{05E1F63A-EC20-4280-86A2-7971691DA964}.Debug|Any CPU.ActiveCfg = Debug|Any CPU
		{05E1F63A-EC20-4280-86A2-7971691DA964}.Debug|Any CPU.Build.0 = Debug|Any CPU
		{05E1F63A-EC20-4280-86A2-7971691DA964}.Release|Any CPU.ActiveCfg = Release|Any CPU
		{05E1F63A-EC20-4280-86A2-7971691DA964}.Release|Any CPU.Build.0 = Release|Any CPU
		{E42F855D-9A4F-45BE-9950-F20A94169568}.Debug|Any CPU.ActiveCfg = Debug|Any CPU
		{E42F855D-9A4F-45BE-9950-F20A94169568}.Debug|Any CPU.Build.0 = Debug|Any CPU
		{E42F855D-9A4F-45BE-9950-F20A94169568}.Release|Any CPU.ActiveCfg = Release|Any CPU
		{E42F855D-9A4F-45BE-9950-F20A94169568}.Release|Any CPU.Build.0 = Release|Any CPU
		{5BB33F6F-0151-4D8F-8530-249A9C3B9B23}.Debug|Any CPU.ActiveCfg = Debug|Any CPU
		{5BB33F6F-0151-4D8F-8530-249A9C3B9B23}.Debug|Any CPU.Build.0 = Debug|Any CPU
		{5BB33F6F-0151-4D8F-8530-249A9C3B9B23}.Release|Any CPU.ActiveCfg = Release|Any CPU
		{5BB33F6F-0151-4D8F-8530-249A9C3B9B23}.Release|Any CPU.Build.0 = Release|Any CPU
		{CEE874A6-EBE0-4D8C-80AA-38AEBFE9C3F3}.Debug|Any CPU.ActiveCfg = Debug|Any CPU
		{CEE874A6-EBE0-4D8C-80AA-38AEBFE9C3F3}.Debug|Any CPU.Build.0 = Debug|Any CPU
		{CEE874A6-EBE0-4D8C-80AA-38AEBFE9C3F3}.Release|Any CPU.ActiveCfg = Release|Any CPU
		{CEE874A6-EBE0-4D8C-80AA-38AEBFE9C3F3}.Release|Any CPU.Build.0 = Release|Any CPU
		{063311BF-3B6E-4550-9342-FEF6CFF80C54}.Debug|Any CPU.ActiveCfg = Debug|Any CPU
		{063311BF-3B6E-4550-9342-FEF6CFF80C54}.Debug|Any CPU.Build.0 = Debug|Any CPU
		{063311BF-3B6E-4550-9342-FEF6CFF80C54}.Release|Any CPU.ActiveCfg = Release|Any CPU
		{063311BF-3B6E-4550-9342-FEF6CFF80C54}.Release|Any CPU.Build.0 = Release|Any CPU
		{24C998BB-C700-4047-97D5-1E9BC4A6CD06}.Debug|Any CPU.ActiveCfg = Debug|Any CPU
		{24C998BB-C700-4047-97D5-1E9BC4A6CD06}.Debug|Any CPU.Build.0 = Debug|Any CPU
		{24C998BB-C700-4047-97D5-1E9BC4A6CD06}.Release|Any CPU.ActiveCfg = Release|Any CPU
		{24C998BB-C700-4047-97D5-1E9BC4A6CD06}.Release|Any CPU.Build.0 = Release|Any CPU
		{B0EE3DF4-34E1-4C69-836E-B8911192D3FE}.Debug|Any CPU.ActiveCfg = Debug|Any CPU
		{B0EE3DF4-34E1-4C69-836E-B8911192D3FE}.Debug|Any CPU.Build.0 = Debug|Any CPU
		{B0EE3DF4-34E1-4C69-836E-B8911192D3FE}.Release|Any CPU.ActiveCfg = Release|Any CPU
		{B0EE3DF4-34E1-4C69-836E-B8911192D3FE}.Release|Any CPU.Build.0 = Release|Any CPU
		{8F4002CD-E002-4C61-9E7A-0D78875C4767}.Debug|Any CPU.ActiveCfg = Debug|Any CPU
		{8F4002CD-E002-4C61-9E7A-0D78875C4767}.Debug|Any CPU.Build.0 = Debug|Any CPU
		{8F4002CD-E002-4C61-9E7A-0D78875C4767}.Release|Any CPU.ActiveCfg = Release|Any CPU
		{8F4002CD-E002-4C61-9E7A-0D78875C4767}.Release|Any CPU.Build.0 = Release|Any CPU
		{76959A2A-8113-430B-8272-DD37F17F9305}.Debug|Any CPU.ActiveCfg = Debug|Any CPU
		{76959A2A-8113-430B-8272-DD37F17F9305}.Debug|Any CPU.Build.0 = Debug|Any CPU
		{76959A2A-8113-430B-8272-DD37F17F9305}.Release|Any CPU.ActiveCfg = Release|Any CPU
		{76959A2A-8113-430B-8272-DD37F17F9305}.Release|Any CPU.Build.0 = Release|Any CPU
		{E19EF259-4C5F-4967-867C-EF3936B264C4}.Debug|Any CPU.ActiveCfg = Debug|Any CPU
		{E19EF259-4C5F-4967-867C-EF3936B264C4}.Debug|Any CPU.Build.0 = Debug|Any CPU
		{E19EF259-4C5F-4967-867C-EF3936B264C4}.Release|Any CPU.ActiveCfg = Release|Any CPU
		{E19EF259-4C5F-4967-867C-EF3936B264C4}.Release|Any CPU.Build.0 = Release|Any CPU
		{ECCE20D4-000F-4D15-87B5-0335C7B3163A}.Debug|Any CPU.ActiveCfg = Debug|Any CPU
		{ECCE20D4-000F-4D15-87B5-0335C7B3163A}.Debug|Any CPU.Build.0 = Debug|Any CPU
		{ECCE20D4-000F-4D15-87B5-0335C7B3163A}.Release|Any CPU.ActiveCfg = Release|Any CPU
		{ECCE20D4-000F-4D15-87B5-0335C7B3163A}.Release|Any CPU.Build.0 = Release|Any CPU
		{2E3778BB-E153-47C6-AD2C-E69F0B242578}.Debug|Any CPU.ActiveCfg = Debug|Any CPU
		{2E3778BB-E153-47C6-AD2C-E69F0B242578}.Debug|Any CPU.Build.0 = Debug|Any CPU
		{2E3778BB-E153-47C6-AD2C-E69F0B242578}.Release|Any CPU.ActiveCfg = Release|Any CPU
		{2E3778BB-E153-47C6-AD2C-E69F0B242578}.Release|Any CPU.Build.0 = Release|Any CPU
		{1A8CCCAA-4F2B-4D19-AB33-4696345DD200}.Debug|Any CPU.ActiveCfg = Debug|Any CPU
		{1A8CCCAA-4F2B-4D19-AB33-4696345DD200}.Debug|Any CPU.Build.0 = Debug|Any CPU
		{1A8CCCAA-4F2B-4D19-AB33-4696345DD200}.Release|Any CPU.ActiveCfg = Release|Any CPU
		{1A8CCCAA-4F2B-4D19-AB33-4696345DD200}.Release|Any CPU.Build.0 = Release|Any CPU
		{A774F1FD-6E4E-41E3-A288-C0EBF54B9CF2}.Debug|Any CPU.ActiveCfg = Debug|Any CPU
		{A774F1FD-6E4E-41E3-A288-C0EBF54B9CF2}.Debug|Any CPU.Build.0 = Debug|Any CPU
		{A774F1FD-6E4E-41E3-A288-C0EBF54B9CF2}.Release|Any CPU.ActiveCfg = Release|Any CPU
		{A774F1FD-6E4E-41E3-A288-C0EBF54B9CF2}.Release|Any CPU.Build.0 = Release|Any CPU
		{7DF6A8E0-AF4B-4A05-98CF-472D8252F95C}.Debug|Any CPU.ActiveCfg = Debug|Any CPU
		{7DF6A8E0-AF4B-4A05-98CF-472D8252F95C}.Debug|Any CPU.Build.0 = Debug|Any CPU
		{7DF6A8E0-AF4B-4A05-98CF-472D8252F95C}.Release|Any CPU.ActiveCfg = Release|Any CPU
		{7DF6A8E0-AF4B-4A05-98CF-472D8252F95C}.Release|Any CPU.Build.0 = Release|Any CPU
		{9C72352F-3DB2-4ACE-A961-5466FEDB88A8}.Debug|Any CPU.ActiveCfg = Debug|Any CPU
		{9C72352F-3DB2-4ACE-A961-5466FEDB88A8}.Debug|Any CPU.Build.0 = Debug|Any CPU
		{9C72352F-3DB2-4ACE-A961-5466FEDB88A8}.Release|Any CPU.ActiveCfg = Release|Any CPU
		{9C72352F-3DB2-4ACE-A961-5466FEDB88A8}.Release|Any CPU.Build.0 = Release|Any CPU
		{CAC67B89-6F71-4E85-A0D9-18C7655D0F24}.Debug|Any CPU.ActiveCfg = Debug|Any CPU
		{CAC67B89-6F71-4E85-A0D9-18C7655D0F24}.Debug|Any CPU.Build.0 = Debug|Any CPU
		{CAC67B89-6F71-4E85-A0D9-18C7655D0F24}.Release|Any CPU.ActiveCfg = Release|Any CPU
		{CAC67B89-6F71-4E85-A0D9-18C7655D0F24}.Release|Any CPU.Build.0 = Release|Any CPU
		{453E50A2-AABE-4FC8-B112-DC58B482AE1E}.Debug|Any CPU.ActiveCfg = Debug|Any CPU
		{453E50A2-AABE-4FC8-B112-DC58B482AE1E}.Debug|Any CPU.Build.0 = Debug|Any CPU
		{453E50A2-AABE-4FC8-B112-DC58B482AE1E}.Release|Any CPU.ActiveCfg = Release|Any CPU
		{453E50A2-AABE-4FC8-B112-DC58B482AE1E}.Release|Any CPU.Build.0 = Release|Any CPU
		{12368073-65E0-44E8-B081-A91EE0B45D99}.Debug|Any CPU.ActiveCfg = Debug|Any CPU
		{12368073-65E0-44E8-B081-A91EE0B45D99}.Debug|Any CPU.Build.0 = Debug|Any CPU
		{12368073-65E0-44E8-B081-A91EE0B45D99}.Release|Any CPU.ActiveCfg = Release|Any CPU
		{12368073-65E0-44E8-B081-A91EE0B45D99}.Release|Any CPU.Build.0 = Release|Any CPU
		{35BBDAE9-8F1D-4A5F-AC79-63B29AC47B96}.Debug|Any CPU.ActiveCfg = Debug|Any CPU
		{35BBDAE9-8F1D-4A5F-AC79-63B29AC47B96}.Debug|Any CPU.Build.0 = Debug|Any CPU
		{35BBDAE9-8F1D-4A5F-AC79-63B29AC47B96}.Release|Any CPU.ActiveCfg = Release|Any CPU
		{35BBDAE9-8F1D-4A5F-AC79-63B29AC47B96}.Release|Any CPU.Build.0 = Release|Any CPU
		{E8BF997F-41DE-4B3B-ADE9-BE707F5EED74}.Debug|Any CPU.ActiveCfg = Debug|Any CPU
		{E8BF997F-41DE-4B3B-ADE9-BE707F5EED74}.Debug|Any CPU.Build.0 = Debug|Any CPU
		{E8BF997F-41DE-4B3B-ADE9-BE707F5EED74}.Release|Any CPU.ActiveCfg = Release|Any CPU
		{E8BF997F-41DE-4B3B-ADE9-BE707F5EED74}.Release|Any CPU.Build.0 = Release|Any CPU
		{EF9642AB-5FE2-47D6-8AD4-5C4C2AA43E63}.Debug|Any CPU.ActiveCfg = Debug|Any CPU
		{EF9642AB-5FE2-47D6-8AD4-5C4C2AA43E63}.Debug|Any CPU.Build.0 = Debug|Any CPU
		{EF9642AB-5FE2-47D6-8AD4-5C4C2AA43E63}.Release|Any CPU.ActiveCfg = Release|Any CPU
		{EF9642AB-5FE2-47D6-8AD4-5C4C2AA43E63}.Release|Any CPU.Build.0 = Release|Any CPU
		{B884855F-CE2B-4955-A3FD-581006313B8D}.Debug|Any CPU.ActiveCfg = Debug|Any CPU
		{B884855F-CE2B-4955-A3FD-581006313B8D}.Debug|Any CPU.Build.0 = Debug|Any CPU
		{B884855F-CE2B-4955-A3FD-581006313B8D}.Release|Any CPU.ActiveCfg = Release|Any CPU
		{B884855F-CE2B-4955-A3FD-581006313B8D}.Release|Any CPU.Build.0 = Release|Any CPU
		{2D422E30-B119-440A-93B2-98F85BDC7371}.Debug|Any CPU.ActiveCfg = Debug|Any CPU
		{2D422E30-B119-440A-93B2-98F85BDC7371}.Debug|Any CPU.Build.0 = Debug|Any CPU
		{2D422E30-B119-440A-93B2-98F85BDC7371}.Release|Any CPU.ActiveCfg = Release|Any CPU
		{2D422E30-B119-440A-93B2-98F85BDC7371}.Release|Any CPU.Build.0 = Release|Any CPU
		{8C2CE2C8-8F3F-4A94-B83E-FAA89E000B10}.Debug|Any CPU.ActiveCfg = Debug|Any CPU
		{8C2CE2C8-8F3F-4A94-B83E-FAA89E000B10}.Debug|Any CPU.Build.0 = Debug|Any CPU
		{8C2CE2C8-8F3F-4A94-B83E-FAA89E000B10}.Release|Any CPU.ActiveCfg = Release|Any CPU
		{8C2CE2C8-8F3F-4A94-B83E-FAA89E000B10}.Release|Any CPU.Build.0 = Release|Any CPU
		{ECB8DEC8-B84E-4912-9BDA-49F1255ABD1F}.Debug|Any CPU.ActiveCfg = Debug|Any CPU
		{ECB8DEC8-B84E-4912-9BDA-49F1255ABD1F}.Debug|Any CPU.Build.0 = Debug|Any CPU
		{ECB8DEC8-B84E-4912-9BDA-49F1255ABD1F}.Release|Any CPU.ActiveCfg = Release|Any CPU
		{ECB8DEC8-B84E-4912-9BDA-49F1255ABD1F}.Release|Any CPU.Build.0 = Release|Any CPU
		{3EFAC271-74B1-495E-BAAB-AD32BAE7C32F}.Debug|Any CPU.ActiveCfg = Debug|Any CPU
		{3EFAC271-74B1-495E-BAAB-AD32BAE7C32F}.Debug|Any CPU.Build.0 = Debug|Any CPU
		{3EFAC271-74B1-495E-BAAB-AD32BAE7C32F}.Release|Any CPU.ActiveCfg = Release|Any CPU
		{3EFAC271-74B1-495E-BAAB-AD32BAE7C32F}.Release|Any CPU.Build.0 = Release|Any CPU
		{6B0693F0-A1C2-4D40-B76D-AB1BE47CAC30}.Debug|Any CPU.ActiveCfg = Debug|Any CPU
		{6B0693F0-A1C2-4D40-B76D-AB1BE47CAC30}.Debug|Any CPU.Build.0 = Debug|Any CPU
		{6B0693F0-A1C2-4D40-B76D-AB1BE47CAC30}.Release|Any CPU.ActiveCfg = Release|Any CPU
		{6B0693F0-A1C2-4D40-B76D-AB1BE47CAC30}.Release|Any CPU.Build.0 = Release|Any CPU
		{BCF6255A-FAF1-4465-B315-D1223F010DEB}.Debug|Any CPU.ActiveCfg = Debug|Any CPU
		{BCF6255A-FAF1-4465-B315-D1223F010DEB}.Debug|Any CPU.Build.0 = Debug|Any CPU
		{BCF6255A-FAF1-4465-B315-D1223F010DEB}.Release|Any CPU.ActiveCfg = Release|Any CPU
		{BCF6255A-FAF1-4465-B315-D1223F010DEB}.Release|Any CPU.Build.0 = Release|Any CPU
		{D3F1FC74-9C81-48F2-912F-7EC1B8FF812F}.Debug|Any CPU.ActiveCfg = Debug|Any CPU
		{D3F1FC74-9C81-48F2-912F-7EC1B8FF812F}.Debug|Any CPU.Build.0 = Debug|Any CPU
		{D3F1FC74-9C81-48F2-912F-7EC1B8FF812F}.Release|Any CPU.ActiveCfg = Release|Any CPU
		{D3F1FC74-9C81-48F2-912F-7EC1B8FF812F}.Release|Any CPU.Build.0 = Release|Any CPU
		{20DEA7D4-1F92-4DEB-9841-3CF9FC6CFC5F}.Debug|Any CPU.ActiveCfg = Debug|Any CPU
		{20DEA7D4-1F92-4DEB-9841-3CF9FC6CFC5F}.Debug|Any CPU.Build.0 = Debug|Any CPU
		{20DEA7D4-1F92-4DEB-9841-3CF9FC6CFC5F}.Release|Any CPU.ActiveCfg = Release|Any CPU
		{20DEA7D4-1F92-4DEB-9841-3CF9FC6CFC5F}.Release|Any CPU.Build.0 = Release|Any CPU
		{A98A1979-883D-463F-9461-FAFFCA97B48A}.Debug|Any CPU.ActiveCfg = Debug|Any CPU
		{A98A1979-883D-463F-9461-FAFFCA97B48A}.Debug|Any CPU.Build.0 = Debug|Any CPU
		{A98A1979-883D-463F-9461-FAFFCA97B48A}.Release|Any CPU.ActiveCfg = Release|Any CPU
		{A98A1979-883D-463F-9461-FAFFCA97B48A}.Release|Any CPU.Build.0 = Release|Any CPU
		{38E7DA8B-3016-49FA-8FDA-FE4CE347E40E}.Debug|Any CPU.ActiveCfg = Debug|Any CPU
		{38E7DA8B-3016-49FA-8FDA-FE4CE347E40E}.Debug|Any CPU.Build.0 = Debug|Any CPU
		{38E7DA8B-3016-49FA-8FDA-FE4CE347E40E}.Release|Any CPU.ActiveCfg = Release|Any CPU
		{38E7DA8B-3016-49FA-8FDA-FE4CE347E40E}.Release|Any CPU.Build.0 = Release|Any CPU
		{B980F83A-592E-4CCB-AC71-7787D1B6A2F8}.Debug|Any CPU.ActiveCfg = Debug|Any CPU
		{B980F83A-592E-4CCB-AC71-7787D1B6A2F8}.Debug|Any CPU.Build.0 = Debug|Any CPU
		{B980F83A-592E-4CCB-AC71-7787D1B6A2F8}.Release|Any CPU.ActiveCfg = Release|Any CPU
		{B980F83A-592E-4CCB-AC71-7787D1B6A2F8}.Release|Any CPU.Build.0 = Release|Any CPU
		{1C25A0CD-7A57-434F-8B0C-06F4B2D25CBC}.Debug|Any CPU.ActiveCfg = Debug|Any CPU
		{1C25A0CD-7A57-434F-8B0C-06F4B2D25CBC}.Debug|Any CPU.Build.0 = Debug|Any CPU
		{1C25A0CD-7A57-434F-8B0C-06F4B2D25CBC}.Release|Any CPU.ActiveCfg = Release|Any CPU
		{1C25A0CD-7A57-434F-8B0C-06F4B2D25CBC}.Release|Any CPU.Build.0 = Release|Any CPU
		{BEC08304-9DA2-44FC-BBC3-F432A48CE83C}.Debug|Any CPU.ActiveCfg = Debug|Any CPU
		{BEC08304-9DA2-44FC-BBC3-F432A48CE83C}.Debug|Any CPU.Build.0 = Debug|Any CPU
		{BEC08304-9DA2-44FC-BBC3-F432A48CE83C}.Release|Any CPU.ActiveCfg = Release|Any CPU
		{BEC08304-9DA2-44FC-BBC3-F432A48CE83C}.Release|Any CPU.Build.0 = Release|Any CPU
		{C550C547-CC8A-471A-925F-DF1CD3FA6F50}.Debug|Any CPU.ActiveCfg = Debug|Any CPU
		{C550C547-CC8A-471A-925F-DF1CD3FA6F50}.Debug|Any CPU.Build.0 = Debug|Any CPU
		{C550C547-CC8A-471A-925F-DF1CD3FA6F50}.Release|Any CPU.ActiveCfg = Release|Any CPU
		{C550C547-CC8A-471A-925F-DF1CD3FA6F50}.Release|Any CPU.Build.0 = Release|Any CPU
		{4EEE7867-461B-49EC-9450-3973B932A5C8}.Debug|Any CPU.ActiveCfg = Debug|Any CPU
		{4EEE7867-461B-49EC-9450-3973B932A5C8}.Debug|Any CPU.Build.0 = Debug|Any CPU
		{4EEE7867-461B-49EC-9450-3973B932A5C8}.Release|Any CPU.ActiveCfg = Release|Any CPU
		{4EEE7867-461B-49EC-9450-3973B932A5C8}.Release|Any CPU.Build.0 = Release|Any CPU
		{823A4ABD-43F0-4BE9-9DD6-722A84497432}.Debug|Any CPU.ActiveCfg = Debug|Any CPU
		{823A4ABD-43F0-4BE9-9DD6-722A84497432}.Debug|Any CPU.Build.0 = Debug|Any CPU
		{823A4ABD-43F0-4BE9-9DD6-722A84497432}.Release|Any CPU.ActiveCfg = Release|Any CPU
		{823A4ABD-43F0-4BE9-9DD6-722A84497432}.Release|Any CPU.Build.0 = Release|Any CPU
		{9AFE8A79-333C-414C-A12B-A2201EC211E8}.Debug|Any CPU.ActiveCfg = Debug|Any CPU
		{9AFE8A79-333C-414C-A12B-A2201EC211E8}.Debug|Any CPU.Build.0 = Debug|Any CPU
		{9AFE8A79-333C-414C-A12B-A2201EC211E8}.Release|Any CPU.ActiveCfg = Release|Any CPU
		{9AFE8A79-333C-414C-A12B-A2201EC211E8}.Release|Any CPU.Build.0 = Release|Any CPU
		{BA04FBE0-6B97-4D21-9561-91F12906A5F9}.Debug|Any CPU.ActiveCfg = Debug|Any CPU
		{BA04FBE0-6B97-4D21-9561-91F12906A5F9}.Debug|Any CPU.Build.0 = Debug|Any CPU
		{BA04FBE0-6B97-4D21-9561-91F12906A5F9}.Release|Any CPU.ActiveCfg = Release|Any CPU
		{BA04FBE0-6B97-4D21-9561-91F12906A5F9}.Release|Any CPU.Build.0 = Release|Any CPU
		{380C02B5-94DC-491C-9458-6F5287698C77}.Debug|Any CPU.ActiveCfg = Debug|Any CPU
		{380C02B5-94DC-491C-9458-6F5287698C77}.Debug|Any CPU.Build.0 = Debug|Any CPU
		{380C02B5-94DC-491C-9458-6F5287698C77}.Release|Any CPU.ActiveCfg = Release|Any CPU
		{380C02B5-94DC-491C-9458-6F5287698C77}.Release|Any CPU.Build.0 = Release|Any CPU
		{D0CD20C3-C06B-436E-8C88-E5A608C74AB2}.Debug|Any CPU.ActiveCfg = Debug|Any CPU
		{D0CD20C3-C06B-436E-8C88-E5A608C74AB2}.Debug|Any CPU.Build.0 = Debug|Any CPU
		{D0CD20C3-C06B-436E-8C88-E5A608C74AB2}.Release|Any CPU.ActiveCfg = Release|Any CPU
		{D0CD20C3-C06B-436E-8C88-E5A608C74AB2}.Release|Any CPU.Build.0 = Release|Any CPU
		{32402A03-34B2-4DA8-8A55-A4E0FCA4C3B2}.Debug|Any CPU.ActiveCfg = Debug|Any CPU
		{32402A03-34B2-4DA8-8A55-A4E0FCA4C3B2}.Debug|Any CPU.Build.0 = Debug|Any CPU
		{32402A03-34B2-4DA8-8A55-A4E0FCA4C3B2}.Release|Any CPU.ActiveCfg = Release|Any CPU
		{32402A03-34B2-4DA8-8A55-A4E0FCA4C3B2}.Release|Any CPU.Build.0 = Release|Any CPU
		{AE89ED51-5A8A-4663-ABBE-2D399C8528F4}.Debug|Any CPU.ActiveCfg = Debug|Any CPU
		{AE89ED51-5A8A-4663-ABBE-2D399C8528F4}.Debug|Any CPU.Build.0 = Debug|Any CPU
		{AE89ED51-5A8A-4663-ABBE-2D399C8528F4}.Release|Any CPU.ActiveCfg = Release|Any CPU
		{AE89ED51-5A8A-4663-ABBE-2D399C8528F4}.Release|Any CPU.Build.0 = Release|Any CPU
		{6B5BAD8B-F029-452D-A721-0CF5F95DA1DC}.Debug|Any CPU.ActiveCfg = Debug|Any CPU
		{6B5BAD8B-F029-452D-A721-0CF5F95DA1DC}.Debug|Any CPU.Build.0 = Debug|Any CPU
		{6B5BAD8B-F029-452D-A721-0CF5F95DA1DC}.Release|Any CPU.ActiveCfg = Release|Any CPU
		{6B5BAD8B-F029-452D-A721-0CF5F95DA1DC}.Release|Any CPU.Build.0 = Release|Any CPU
		{6E63D5DF-CADA-4AD5-8824-F1FB97185A49}.Debug|Any CPU.ActiveCfg = Debug|Any CPU
		{6E63D5DF-CADA-4AD5-8824-F1FB97185A49}.Debug|Any CPU.Build.0 = Debug|Any CPU
		{6E63D5DF-CADA-4AD5-8824-F1FB97185A49}.Release|Any CPU.ActiveCfg = Release|Any CPU
		{6E63D5DF-CADA-4AD5-8824-F1FB97185A49}.Release|Any CPU.Build.0 = Release|Any CPU
		{284F0281-F283-4EC3-BD60-DD0CD5A5442F}.Debug|Any CPU.ActiveCfg = Debug|Any CPU
		{284F0281-F283-4EC3-BD60-DD0CD5A5442F}.Debug|Any CPU.Build.0 = Debug|Any CPU
		{284F0281-F283-4EC3-BD60-DD0CD5A5442F}.Release|Any CPU.ActiveCfg = Release|Any CPU
		{284F0281-F283-4EC3-BD60-DD0CD5A5442F}.Release|Any CPU.Build.0 = Release|Any CPU
		{9EC27C83-FCD6-44B8-9BC6-9F270DD58C8E}.Debug|Any CPU.ActiveCfg = Debug|Any CPU
		{9EC27C83-FCD6-44B8-9BC6-9F270DD58C8E}.Debug|Any CPU.Build.0 = Debug|Any CPU
		{9EC27C83-FCD6-44B8-9BC6-9F270DD58C8E}.Release|Any CPU.ActiveCfg = Release|Any CPU
		{9EC27C83-FCD6-44B8-9BC6-9F270DD58C8E}.Release|Any CPU.Build.0 = Release|Any CPU
		{2D32A2B9-CE4E-4F0D-9A76-1578FC3F4776}.Debug|Any CPU.ActiveCfg = Debug|Any CPU
		{2D32A2B9-CE4E-4F0D-9A76-1578FC3F4776}.Debug|Any CPU.Build.0 = Debug|Any CPU
		{2D32A2B9-CE4E-4F0D-9A76-1578FC3F4776}.Release|Any CPU.ActiveCfg = Release|Any CPU
		{2D32A2B9-CE4E-4F0D-9A76-1578FC3F4776}.Release|Any CPU.Build.0 = Release|Any CPU
		{D5A4EB68-4E71-4AAE-8A77-AACC46A55A14}.Debug|Any CPU.ActiveCfg = Debug|Any CPU
		{D5A4EB68-4E71-4AAE-8A77-AACC46A55A14}.Debug|Any CPU.Build.0 = Debug|Any CPU
		{D5A4EB68-4E71-4AAE-8A77-AACC46A55A14}.Release|Any CPU.ActiveCfg = Release|Any CPU
		{D5A4EB68-4E71-4AAE-8A77-AACC46A55A14}.Release|Any CPU.Build.0 = Release|Any CPU
		{D17FA884-98B9-41E2-AB27-2603F79000F5}.Debug|Any CPU.ActiveCfg = Debug|Any CPU
		{D17FA884-98B9-41E2-AB27-2603F79000F5}.Debug|Any CPU.Build.0 = Debug|Any CPU
		{D17FA884-98B9-41E2-AB27-2603F79000F5}.Release|Any CPU.ActiveCfg = Release|Any CPU
		{D17FA884-98B9-41E2-AB27-2603F79000F5}.Release|Any CPU.Build.0 = Release|Any CPU
		{C7CCB288-8372-41AD-9F65-6224CE0D6358}.Debug|Any CPU.ActiveCfg = Debug|Any CPU
		{C7CCB288-8372-41AD-9F65-6224CE0D6358}.Debug|Any CPU.Build.0 = Debug|Any CPU
		{C7CCB288-8372-41AD-9F65-6224CE0D6358}.Release|Any CPU.ActiveCfg = Release|Any CPU
		{C7CCB288-8372-41AD-9F65-6224CE0D6358}.Release|Any CPU.Build.0 = Release|Any CPU
		{1F9EE0B3-4BA1-4CE4-9301-1735732B61B6}.Debug|Any CPU.ActiveCfg = Debug|Any CPU
		{1F9EE0B3-4BA1-4CE4-9301-1735732B61B6}.Debug|Any CPU.Build.0 = Debug|Any CPU
		{1F9EE0B3-4BA1-4CE4-9301-1735732B61B6}.Release|Any CPU.ActiveCfg = Release|Any CPU
		{1F9EE0B3-4BA1-4CE4-9301-1735732B61B6}.Release|Any CPU.Build.0 = Release|Any CPU
	EndGlobalSection
	GlobalSection(SolutionProperties) = preSolution
		HideSolutionNode = FALSE
	EndGlobalSection
	GlobalSection(NestedProjects) = preSolution
		{5912CE0D-0DCE-479F-944A-0DFA4CE95A88} = {8770F3E1-3FEE-4611-89D4-AF80DFB3B3EA}
		{E1933982-1D12-497F-B465-67D5E5C74CA1} = {8770F3E1-3FEE-4611-89D4-AF80DFB3B3EA}
		{7C753636-7947-46E0-95E0-135EAA7BFEB3} = {5912CE0D-0DCE-479F-944A-0DFA4CE95A88}
		{E97F1455-620B-4BF2-B839-08F7AE2FD772} = {E1933982-1D12-497F-B465-67D5E5C74CA1}
		{0EDABDD2-05D5-43D0-A635-645DD8127201} = {18632E7D-54DF-4933-A8DF-A7ECE8666E9B}
		{8770F3E1-3FEE-4611-89D4-AF80DFB3B3EA} = {0EDABDD2-05D5-43D0-A635-645DD8127201}
		{FD3FEC8C-C8C8-47F1-AF08-F77EC937ACFE} = {18632E7D-54DF-4933-A8DF-A7ECE8666E9B}
		{EF9C1FA7-24B3-438A-BD21-400C1500E164} = {18632E7D-54DF-4933-A8DF-A7ECE8666E9B}
		{71BD4587-A8B0-4653-A3B2-93578F71ABB7} = {5912CE0D-0DCE-479F-944A-0DFA4CE95A88}
		{0B1C5283-63AC-4B2C-B0B2-D2FFD4BB3BD2} = {71BD4587-A8B0-4653-A3B2-93578F71ABB7}
		{18E75E2F-2A27-408C-BC02-9B68D7F0817F} = {5912CE0D-0DCE-479F-944A-0DFA4CE95A88}
		{5BB9AA90-46A6-4C3A-BF50-BD122331517B} = {18632E7D-54DF-4933-A8DF-A7ECE8666E9B}
		{CC13B431-6963-480F-8C21-1F78A220A399} = {5BB9AA90-46A6-4C3A-BF50-BD122331517B}
		{9891081B-017E-4974-8BF9-FA775406841E} = {CC13B431-6963-480F-8C21-1F78A220A399}
		{D564E33D-C943-46EC-8B89-DC16A10798A4} = {E1933982-1D12-497F-B465-67D5E5C74CA1}
		{9EB8E8CC-3BA3-4B0F-B853-5B2443C40015} = {E1933982-1D12-497F-B465-67D5E5C74CA1}
		{CA022FCC-7A23-4759-8789-9FC86C805557} = {D564E33D-C943-46EC-8B89-DC16A10798A4}
		{B9CE370E-4273-4BF3-B3C3-1A60D5C9E968} = {EF9C1FA7-24B3-438A-BD21-400C1500E164}
		{820CCEC2-F274-4A79-B5B9-D7D0C79C503E} = {B9CE370E-4273-4BF3-B3C3-1A60D5C9E968}
		{D25A7758-C8D7-473D-B032-D798FECCF08B} = {B9CE370E-4273-4BF3-B3C3-1A60D5C9E968}
		{62D00D8A-4171-4103-A5A4-A49212E0F7B3} = {820CCEC2-F274-4A79-B5B9-D7D0C79C503E}
		{1E84E8EF-D2F3-40A5-BF1B-10DE99894DC3} = {D25A7758-C8D7-473D-B032-D798FECCF08B}
		{92E59C39-1633-4763-B9A3-3E6FA2593477} = {62D00D8A-4171-4103-A5A4-A49212E0F7B3}
		{0305DE9C-065C-4A4D-B175-08E70F23A2E7} = {0EDABDD2-05D5-43D0-A635-645DD8127201}
		{B9781673-7407-4451-B551-B3D0BA1AA746} = {0305DE9C-065C-4A4D-B175-08E70F23A2E7}
		{9920A6C0-509E-4319-A35F-E0DB6866DAFF} = {7C753636-7947-46E0-95E0-135EAA7BFEB3}
		{8854C41C-8F3D-406E-A565-3B623599BFF2} = {7C753636-7947-46E0-95E0-135EAA7BFEB3}
		{5448826B-C121-4A3D-B632-8F9E6519F787} = {E97F1455-620B-4BF2-B839-08F7AE2FD772}
		{F5258632-D60B-4BD4-AAF9-BEEC6CCD471F} = {E97F1455-620B-4BF2-B839-08F7AE2FD772}
		{A484FFA0-1C54-4C5C-B46D-6AB5C05AC5AB} = {8770F3E1-3FEE-4611-89D4-AF80DFB3B3EA}
		{DE458BB2-5942-4588-A74A-AE9CA86F284C} = {A484FFA0-1C54-4C5C-B46D-6AB5C05AC5AB}
		{B0BEB589-A3A7-4412-B045-09621FB1DE25} = {DE458BB2-5942-4588-A74A-AE9CA86F284C}
		{E4D95A70-171A-4027-BFCE-AB2B1907C6C1} = {DE458BB2-5942-4588-A74A-AE9CA86F284C}
		{034B233F-0745-476A-A3DB-8DDF8FA0EF9C} = {DE458BB2-5942-4588-A74A-AE9CA86F284C}
		{F6F7E411-5CD0-4507-BF59-70004EDD09DA} = {5912CE0D-0DCE-479F-944A-0DFA4CE95A88}
		{F5633907-6B09-48FA-A8A0-1ADBE06B44A0} = {E1933982-1D12-497F-B465-67D5E5C74CA1}
		{05E1F63A-EC20-4280-86A2-7971691DA964} = {F5633907-6B09-48FA-A8A0-1ADBE06B44A0}
		{E42F855D-9A4F-45BE-9950-F20A94169568} = {F6F7E411-5CD0-4507-BF59-70004EDD09DA}
		{5BB33F6F-0151-4D8F-8530-249A9C3B9B23} = {7C753636-7947-46E0-95E0-135EAA7BFEB3}
		{CEE874A6-EBE0-4D8C-80AA-38AEBFE9C3F3} = {7C753636-7947-46E0-95E0-135EAA7BFEB3}
		{063311BF-3B6E-4550-9342-FEF6CFF80C54} = {E97F1455-620B-4BF2-B839-08F7AE2FD772}
		{24C998BB-C700-4047-97D5-1E9BC4A6CD06} = {DE458BB2-5942-4588-A74A-AE9CA86F284C}
		{B0EE3DF4-34E1-4C69-836E-B8911192D3FE} = {DE458BB2-5942-4588-A74A-AE9CA86F284C}
		{8F4002CD-E002-4C61-9E7A-0D78875C4767} = {DE458BB2-5942-4588-A74A-AE9CA86F284C}
		{76959A2A-8113-430B-8272-DD37F17F9305} = {DE458BB2-5942-4588-A74A-AE9CA86F284C}
		{E19EF259-4C5F-4967-867C-EF3936B264C4} = {F6F7E411-5CD0-4507-BF59-70004EDD09DA}
		{ECCE20D4-000F-4D15-87B5-0335C7B3163A} = {F6F7E411-5CD0-4507-BF59-70004EDD09DA}
		{2E3778BB-E153-47C6-AD2C-E69F0B242578} = {7C753636-7947-46E0-95E0-135EAA7BFEB3}
		{1A8CCCAA-4F2B-4D19-AB33-4696345DD200} = {7C753636-7947-46E0-95E0-135EAA7BFEB3}
		{A774F1FD-6E4E-41E3-A288-C0EBF54B9CF2} = {1E84E8EF-D2F3-40A5-BF1B-10DE99894DC3}
		{7DF6A8E0-AF4B-4A05-98CF-472D8252F95C} = {CC13B431-6963-480F-8C21-1F78A220A399}
		{9C72352F-3DB2-4ACE-A961-5466FEDB88A8} = {62D00D8A-4171-4103-A5A4-A49212E0F7B3}
		{CAC67B89-6F71-4E85-A0D9-18C7655D0F24} = {1E84E8EF-D2F3-40A5-BF1B-10DE99894DC3}
		{453E50A2-AABE-4FC8-B112-DC58B482AE1E} = {62D00D8A-4171-4103-A5A4-A49212E0F7B3}
		{12368073-65E0-44E8-B081-A91EE0B45D99} = {E97F1455-620B-4BF2-B839-08F7AE2FD772}
		{35BBDAE9-8F1D-4A5F-AC79-63B29AC47B96} = {1E84E8EF-D2F3-40A5-BF1B-10DE99894DC3}
		{E8BF997F-41DE-4B3B-ADE9-BE707F5EED74} = {D564E33D-C943-46EC-8B89-DC16A10798A4}
		{EF9642AB-5FE2-47D6-8AD4-5C4C2AA43E63} = {DE458BB2-5942-4588-A74A-AE9CA86F284C}
		{B884855F-CE2B-4955-A3FD-581006313B8D} = {D564E33D-C943-46EC-8B89-DC16A10798A4}
		{2D422E30-B119-440A-93B2-98F85BDC7371} = {D564E33D-C943-46EC-8B89-DC16A10798A4}
		{8C2CE2C8-8F3F-4A94-B83E-FAA89E000B10} = {D564E33D-C943-46EC-8B89-DC16A10798A4}
		{ECB8DEC8-B84E-4912-9BDA-49F1255ABD1F} = {D564E33D-C943-46EC-8B89-DC16A10798A4}
		{3EFAC271-74B1-495E-BAAB-AD32BAE7C32F} = {D564E33D-C943-46EC-8B89-DC16A10798A4}
		{6B0693F0-A1C2-4D40-B76D-AB1BE47CAC30} = {D564E33D-C943-46EC-8B89-DC16A10798A4}
		{BCF6255A-FAF1-4465-B315-D1223F010DEB} = {E97F1455-620B-4BF2-B839-08F7AE2FD772}
		{D3F1FC74-9C81-48F2-912F-7EC1B8FF812F} = {E97F1455-620B-4BF2-B839-08F7AE2FD772}
		{20DEA7D4-1F92-4DEB-9841-3CF9FC6CFC5F} = {E97F1455-620B-4BF2-B839-08F7AE2FD772}
		{A98A1979-883D-463F-9461-FAFFCA97B48A} = {B9781673-7407-4451-B551-B3D0BA1AA746}
		{38E7DA8B-3016-49FA-8FDA-FE4CE347E40E} = {B9781673-7407-4451-B551-B3D0BA1AA746}
		{B980F83A-592E-4CCB-AC71-7787D1B6A2F8} = {B9781673-7407-4451-B551-B3D0BA1AA746}
		{1C25A0CD-7A57-434F-8B0C-06F4B2D25CBC} = {B9781673-7407-4451-B551-B3D0BA1AA746}
		{BEC08304-9DA2-44FC-BBC3-F432A48CE83C} = {B9781673-7407-4451-B551-B3D0BA1AA746}
		{C550C547-CC8A-471A-925F-DF1CD3FA6F50} = {B9781673-7407-4451-B551-B3D0BA1AA746}
		{4EEE7867-461B-49EC-9450-3973B932A5C8} = {B9781673-7407-4451-B551-B3D0BA1AA746}
		{A1AE894D-9061-44F0-8268-328AC41F403A} = {A484FFA0-1C54-4C5C-B46D-6AB5C05AC5AB}
		{9A382224-6874-4ED3-8DF6-1DD3466A02CE} = {A484FFA0-1C54-4C5C-B46D-6AB5C05AC5AB}
		{823A4ABD-43F0-4BE9-9DD6-722A84497432} = {9A382224-6874-4ED3-8DF6-1DD3466A02CE}
		{9AFE8A79-333C-414C-A12B-A2201EC211E8} = {A1AE894D-9061-44F0-8268-328AC41F403A}
		{BA04FBE0-6B97-4D21-9561-91F12906A5F9} = {F6F7E411-5CD0-4507-BF59-70004EDD09DA}
		{380C02B5-94DC-491C-9458-6F5287698C77} = {F6F7E411-5CD0-4507-BF59-70004EDD09DA}
		{D0CD20C3-C06B-436E-8C88-E5A608C74AB2} = {F6F7E411-5CD0-4507-BF59-70004EDD09DA}
		{32402A03-34B2-4DA8-8A55-A4E0FCA4C3B2} = {71BD4587-A8B0-4653-A3B2-93578F71ABB7}
		{AE89ED51-5A8A-4663-ABBE-2D399C8528F4} = {71BD4587-A8B0-4653-A3B2-93578F71ABB7}
		{E00A1E03-7FB3-4A26-BB33-9BE7AA42CFB7} = {A484FFA0-1C54-4C5C-B46D-6AB5C05AC5AB}
		{6B5BAD8B-F029-452D-A721-0CF5F95DA1DC} = {CC13B431-6963-480F-8C21-1F78A220A399}
		{6E63D5DF-CADA-4AD5-8824-F1FB97185A49} = {CC13B431-6963-480F-8C21-1F78A220A399}
		{284F0281-F283-4EC3-BD60-DD0CD5A5442F} = {CC13B431-6963-480F-8C21-1F78A220A399}
		{9EC27C83-FCD6-44B8-9BC6-9F270DD58C8E} = {DE458BB2-5942-4588-A74A-AE9CA86F284C}
		{2D32A2B9-CE4E-4F0D-9A76-1578FC3F4776} = {9A382224-6874-4ED3-8DF6-1DD3466A02CE}
		{D5A4EB68-4E71-4AAE-8A77-AACC46A55A14} = {A1AE894D-9061-44F0-8268-328AC41F403A}
		{D17FA884-98B9-41E2-AB27-2603F79000F5} = {DE458BB2-5942-4588-A74A-AE9CA86F284C}
		{BA039CC9-132E-4103-BB47-87C3E3398F82} = {31FE507C-F342-4DA4-9BE5-B3D2ED93E9CC}
		{C7CCB288-8372-41AD-9F65-6224CE0D6358} = {DE458BB2-5942-4588-A74A-AE9CA86F284C}
		{1F9EE0B3-4BA1-4CE4-9301-1735732B61B6} = {DE458BB2-5942-4588-A74A-AE9CA86F284C}
	EndGlobalSection
	GlobalSection(ExtensibilityGlobals) = postSolution
		SolutionGuid = {D5FF5562-3C79-434B-B951-B84542D01625}
	EndGlobalSection
EndGlobal
